
Microsoft Visual Studio Solution File, Format Version 12.00
# Visual Studio 2013
VisualStudioVersion = 12.0.40629.0
MinimumVisualStudioVersion = 10.0.40219.1
Project("{FAE04EC0-301F-11D3-BF4B-00C04F79EFBC}") = "LightTracing", "LightTracing\LightTracing.csproj", "{7F89F3D4-B723-46E4-9585-216306B67F58}"
EndProject
Project("{FAE04EC0-301F-11D3-BF4B-00C04F79EFBC}") = "Render", "Render\Render.csproj", "{DFBFE6CF-2682-45A3-851B-FAB621816958}"
EndProject
Global
	GlobalSection(SolutionConfigurationPlatforms) = preSolution
		Debug|Any CPU = Debug|Any CPU
		Release|Any CPU = Release|Any CPU
	EndGlobalSection
	GlobalSection(ProjectConfigurationPlatforms) = postSolution
		{7F89F3D4-B723-46E4-9585-216306B67F58}.Debug|Any CPU.ActiveCfg = Debug|Any CPU
		{7F89F3D4-B723-46E4-9585-216306B67F58}.Debug|Any CPU.Build.0 = Debug|Any CPU
		{7F89F3D4-B723-46E4-9585-216306B67F58}.Release|Any CPU.ActiveCfg = Release|Any CPU
		{7F89F3D4-B723-46E4-9585-216306B67F58}.Release|Any CPU.Build.0 = Release|Any CPU
		{DFBFE6CF-2682-45A3-851B-FAB621816958}.Debug|Any CPU.ActiveCfg = Debug|Any CPU
		{DFBFE6CF-2682-45A3-851B-FAB621816958}.Debug|Any CPU.Build.0 = Debug|Any CPU
		{DFBFE6CF-2682-45A3-851B-FAB621816958}.Release|Any CPU.ActiveCfg = Release|Any CPU
		{DFBFE6CF-2682-45A3-851B-FAB621816958}.Release|Any CPU.Build.0 = Release|Any CPU
	EndGlobalSection
	GlobalSection(SolutionProperties) = preSolution
		HideSolutionNode = FALSE
	EndGlobalSection
EndGlobal
